
Microsoft Visual Studio Solution File, Format Version 12.00
# Visual Studio Version 17
VisualStudioVersion = 17.7.34009.444
MinimumVisualStudioVersion = 10.0.40219.1
Project("{9A19103F-16F7-4668-BE54-9A1E7A4F7556}") = "Entities", "Entities\Entities.csproj", "{C935DF31-0F3F-4C49-94A8-39301D30FB5C}"
EndProject
Project("{9A19103F-16F7-4668-BE54-9A1E7A4F7556}") = "DataAccess", "DataAccess\DataAccess.csproj", "{3FDB6636-C597-48CC-9755-F1EDA420DC4E}"
EndProject
Project("{9A19103F-16F7-4668-BE54-9A1E7A4F7556}") = "Business", "Business\Business.csproj", "{C666EB1A-6FCF-40B6-9687-B6CECEE76795}"
EndProject
Project("{9A19103F-16F7-4668-BE54-9A1E7A4F7556}") = "ConsoleUI", "ConsoleUI\ConsoleUI.csproj", "{1F42FF67-04EC-4482-B124-6D3B028C897C}"
EndProject
Project("{9A19103F-16F7-4668-BE54-9A1E7A4F7556}") = "Core", "Core\Core.csproj", "{C4922035-CF90-4D23-83AF-9B33F85FB375}"
EndProject
Project("{2150E333-8FDC-42A3-9474-1A3956D46DE8}") = "Src", "Src", "{36F69989-C228-4707-A344-BC2ECF3691FC}"
EndProject
Project("{FAE04EC0-301F-11D3-BF4B-00C04F79EFBC}") = "WebAPI", "WebAPI\WebAPI.csproj", "{8403780F-C38C-4B21-B1A0-B682FB195B9B}"
EndProject
Global
	GlobalSection(SolutionConfigurationPlatforms) = preSolution
		Debug|Any CPU = Debug|Any CPU
		Release|Any CPU = Release|Any CPU
	EndGlobalSection
	GlobalSection(ProjectConfigurationPlatforms) = postSolution
		{C935DF31-0F3F-4C49-94A8-39301D30FB5C}.Debug|Any CPU.ActiveCfg = Debug|Any CPU
		{C935DF31-0F3F-4C49-94A8-39301D30FB5C}.Debug|Any CPU.Build.0 = Debug|Any CPU
		{C935DF31-0F3F-4C49-94A8-39301D30FB5C}.Release|Any CPU.ActiveCfg = Release|Any CPU
		{C935DF31-0F3F-4C49-94A8-39301D30FB5C}.Release|Any CPU.Build.0 = Release|Any CPU
		{3FDB6636-C597-48CC-9755-F1EDA420DC4E}.Debug|Any CPU.ActiveCfg = Debug|Any CPU
		{3FDB6636-C597-48CC-9755-F1EDA420DC4E}.Debug|Any CPU.Build.0 = Debug|Any CPU
		{3FDB6636-C597-48CC-9755-F1EDA420DC4E}.Release|Any CPU.ActiveCfg = Release|Any CPU
		{3FDB6636-C597-48CC-9755-F1EDA420DC4E}.Release|Any CPU.Build.0 = Release|Any CPU
		{C666EB1A-6FCF-40B6-9687-B6CECEE76795}.Debug|Any CPU.ActiveCfg = Debug|Any CPU
		{C666EB1A-6FCF-40B6-9687-B6CECEE76795}.Debug|Any CPU.Build.0 = Debug|Any CPU
		{C666EB1A-6FCF-40B6-9687-B6CECEE76795}.Release|Any CPU.ActiveCfg = Release|Any CPU
		{C666EB1A-6FCF-40B6-9687-B6CECEE76795}.Release|Any CPU.Build.0 = Release|Any CPU
		{1F42FF67-04EC-4482-B124-6D3B028C897C}.Debug|Any CPU.ActiveCfg = Debug|Any CPU
		{1F42FF67-04EC-4482-B124-6D3B028C897C}.Debug|Any CPU.Build.0 = Debug|Any CPU
		{1F42FF67-04EC-4482-B124-6D3B028C897C}.Release|Any CPU.ActiveCfg = Release|Any CPU
		{1F42FF67-04EC-4482-B124-6D3B028C897C}.Release|Any CPU.Build.0 = Release|Any CPU
		{C4922035-CF90-4D23-83AF-9B33F85FB375}.Debug|Any CPU.ActiveCfg = Debug|Any CPU
		{C4922035-CF90-4D23-83AF-9B33F85FB375}.Debug|Any CPU.Build.0 = Debug|Any CPU
		{C4922035-CF90-4D23-83AF-9B33F85FB375}.Release|Any CPU.ActiveCfg = Release|Any CPU
		{C4922035-CF90-4D23-83AF-9B33F85FB375}.Release|Any CPU.Build.0 = Release|Any CPU
		{8403780F-C38C-4B21-B1A0-B682FB195B9B}.Debug|Any CPU.ActiveCfg = Debug|Any CPU
		{8403780F-C38C-4B21-B1A0-B682FB195B9B}.Debug|Any CPU.Build.0 = Debug|Any CPU
		{8403780F-C38C-4B21-B1A0-B682FB195B9B}.Release|Any CPU.ActiveCfg = Release|Any CPU
		{8403780F-C38C-4B21-B1A0-B682FB195B9B}.Release|Any CPU.Build.0 = Release|Any CPU
	EndGlobalSection
	GlobalSection(SolutionProperties) = preSolution
		HideSolutionNode = FALSE
	EndGlobalSection
	GlobalSection(NestedProjects) = preSolution
		{C935DF31-0F3F-4C49-94A8-39301D30FB5C} = {36F69989-C228-4707-A344-BC2ECF3691FC}
		{3FDB6636-C597-48CC-9755-F1EDA420DC4E} = {36F69989-C228-4707-A344-BC2ECF3691FC}
		{C666EB1A-6FCF-40B6-9687-B6CECEE76795} = {36F69989-C228-4707-A344-BC2ECF3691FC}
		{1F42FF67-04EC-4482-B124-6D3B028C897C} = {36F69989-C228-4707-A344-BC2ECF3691FC}
		{C4922035-CF90-4D23-83AF-9B33F85FB375} = {36F69989-C228-4707-A344-BC2ECF3691FC}
		{8403780F-C38C-4B21-B1A0-B682FB195B9B} = {36F69989-C228-4707-A344-BC2ECF3691FC}
	EndGlobalSection
	GlobalSection(ExtensibilityGlobals) = postSolution
		SolutionGuid = {0BDB516B-0C5E-49EC-A4C4-8EB639392B31}
	EndGlobalSection
EndGlobal
